
Microsoft Visual Studio Solution File, Format Version 12.00
# Visual Studio 15
VisualStudioVersion = 15.0.27428.2015
MinimumVisualStudioVersion = 10.0.40219.1
Project("{FAE04EC0-301F-11D3-BF4B-00C04F79EFBC}") = "Snake", "Snake\Snake.csproj", "{30F06D99-E31E-4873-A6F9-56ED09F55421}"
EndProject
Global
	GlobalSection(SolutionConfigurationPlatforms) = preSolution
		Debug|Any CPU = Debug|Any CPU
		Release|Any CPU = Release|Any CPU
	EndGlobalSection
	GlobalSection(ProjectConfigurationPlatforms) = postSolution
		{30F06D99-E31E-4873-A6F9-56ED09F55421}.Debug|Any CPU.ActiveCfg = Debug|Any CPU
		{30F06D99-E31E-4873-A6F9-56ED09F55421}.Debug|Any CPU.Build.0 = Debug|Any CPU
		{30F06D99-E31E-4873-A6F9-56ED09F55421}.Release|Any CPU.ActiveCfg = Release|Any CPU
		{30F06D99-E31E-4873-A6F9-56ED09F55421}.Release|Any CPU.Build.0 = Release|Any CPU
	EndGlobalSection
	GlobalSection(SolutionProperties) = preSolution
		HideSolutionNode = FALSE
	EndGlobalSection
	GlobalSection(ExtensibilityGlobals) = postSolution
		SolutionGuid = {D5B9F5C2-F65A-4AA5-BA95-12899FED2202}
	EndGlobalSection
EndGlobal
